
Microsoft Visual Studio Solution File, Format Version 12.00
# Visual Studio Version 16
VisualStudioVersion = 16.0.31005.135
MinimumVisualStudioVersion = 10.0.40219.1
Project("{9A19103F-16F7-4668-BE54-9A1E7A4F7556}") = "Bookstore.Catalog.Api", "Bookstore.Catalog.Api\Bookstore.Catalog.Api.csproj", "{2B11777C-61D3-4BE9-A0A2-DF442B137DDC}"
EndProject
Project("{FAE04EC0-301F-11D3-BF4B-00C04F79EFBC}") = "BookstoreWeb", "BookstoreWeb\BookstoreWeb.csproj", "{9406AE15-0590-4C4F-9261-A390C22B119B}"
EndProject
Project("{FAE04EC0-301F-11D3-BF4B-00C04F79EFBC}") = "Bookstore.Dto", "Bookstore.Dto\Bookstore.Dto.csproj", "{C453F614-C380-4A06-848E-52841450D111}"
EndProject
Global
	GlobalSection(SolutionConfigurationPlatforms) = preSolution
		Debug|Any CPU = Debug|Any CPU
		Release|Any CPU = Release|Any CPU
	EndGlobalSection
	GlobalSection(ProjectConfigurationPlatforms) = postSolution
		{2B11777C-61D3-4BE9-A0A2-DF442B137DDC}.Debug|Any CPU.ActiveCfg = Debug|Any CPU
		{2B11777C-61D3-4BE9-A0A2-DF442B137DDC}.Debug|Any CPU.Build.0 = Debug|Any CPU
		{2B11777C-61D3-4BE9-A0A2-DF442B137DDC}.Release|Any CPU.ActiveCfg = Release|Any CPU
		{2B11777C-61D3-4BE9-A0A2-DF442B137DDC}.Release|Any CPU.Build.0 = Release|Any CPU
		{9406AE15-0590-4C4F-9261-A390C22B119B}.Debug|Any CPU.ActiveCfg = Debug|Any CPU
		{9406AE15-0590-4C4F-9261-A390C22B119B}.Debug|Any CPU.Build.0 = Debug|Any CPU
		{9406AE15-0590-4C4F-9261-A390C22B119B}.Release|Any CPU.ActiveCfg = Release|Any CPU
		{9406AE15-0590-4C4F-9261-A390C22B119B}.Release|Any CPU.Build.0 = Release|Any CPU
		{C453F614-C380-4A06-848E-52841450D111}.Debug|Any CPU.ActiveCfg = Debug|Any CPU
		{C453F614-C380-4A06-848E-52841450D111}.Debug|Any CPU.Build.0 = Debug|Any CPU
		{C453F614-C380-4A06-848E-52841450D111}.Release|Any CPU.ActiveCfg = Release|Any CPU
		{C453F614-C380-4A06-848E-52841450D111}.Release|Any CPU.Build.0 = Release|Any CPU
	EndGlobalSection
	GlobalSection(SolutionProperties) = preSolution
		HideSolutionNode = FALSE
	EndGlobalSection
	GlobalSection(ExtensibilityGlobals) = postSolution
		SolutionGuid = {C1E35507-9620-42D0-AC64-5475B74A99B0}
	EndGlobalSection
EndGlobal
